// !$*UTF8*$!
{
	archiveVersion = 1;
	classes = {
	};
	objectVersion = 55;
	objects = {

/* Begin PBXBuildFile section */
		D349BEEE28D9B2BE00643165 /* MovieDetailsViewController.swift in Sources */ = {isa = PBXBuildFile; fileRef = D349BEED28D9B2BE00643165 /* MovieDetailsViewController.swift */; };
		D349BEF428D9B55400643165 /* MovieGridViewController.swift in Sources */ = {isa = PBXBuildFile; fileRef = D349BEF328D9B55400643165 /* MovieGridViewController.swift */; };
		D349BEF628D9B5AA00643165 /* MovieGridCell.swift in Sources */ = {isa = PBXBuildFile; fileRef = D349BEF528D9B5AA00643165 /* MovieGridCell.swift */; };
		D39C374028D9BDE600C543BC /* ViewController.swift in Sources */ = {isa = PBXBuildFile; fileRef = D39C373F28D9BDE600C543BC /* ViewController.swift */; };
		D3D4C2E528D1AA0B00553766 /* AppDelegate.swift in Sources */ = {isa = PBXBuildFile; fileRef = D3D4C2E428D1AA0B00553766 /* AppDelegate.swift */; };
		D3D4C2E728D1AA0B00553766 /* SceneDelegate.swift in Sources */ = {isa = PBXBuildFile; fileRef = D3D4C2E628D1AA0B00553766 /* SceneDelegate.swift */; };
		D3D4C2EC28D1AA0B00553766 /* Main.storyboard in Resources */ = {isa = PBXBuildFile; fileRef = D3D4C2EA28D1AA0B00553766 /* Main.storyboard */; };
		D3D4C2EE28D1AA0C00553766 /* Assets.xcassets in Resources */ = {isa = PBXBuildFile; fileRef = D3D4C2ED28D1AA0C00553766 /* Assets.xcassets */; };
		D3D4C2F128D1AA0C00553766 /* LaunchScreen.storyboard in Resources */ = {isa = PBXBuildFile; fileRef = D3D4C2EF28D1AA0C00553766 /* LaunchScreen.storyboard */; };
		D3D4C2FC28D1AA0C00553766 /* FlixterTests.swift in Sources */ = {isa = PBXBuildFile; fileRef = D3D4C2FB28D1AA0C00553766 /* FlixterTests.swift */; };
		D3D4C30628D1AA0C00553766 /* FlixterUITests.swift in Sources */ = {isa = PBXBuildFile; fileRef = D3D4C30528D1AA0C00553766 /* FlixterUITests.swift */; };
		D3D4C30828D1AA0C00553766 /* FlixterUITestsLaunchTests.swift in Sources */ = {isa = PBXBuildFile; fileRef = D3D4C30728D1AA0C00553766 /* FlixterUITestsLaunchTests.swift */; };
		D3D4C31728D2819F00553766 /* MovieCell.swift in Sources */ = {isa = PBXBuildFile; fileRef = D3D4C31628D2819F00553766 /* MovieCell.swift */; };
		D3D4C31A28D287EC00553766 /* AlamofireImage in Frameworks */ = {isa = PBXBuildFile; productRef = D3D4C31928D287EC00553766 /* AlamofireImage */; };
/* End PBXBuildFile section */

/* Begin PBXContainerItemProxy section */
		D3D4C2F828D1AA0C00553766 /* PBXContainerItemProxy */ = {
			isa = PBXContainerItemProxy;
			containerPortal = D3D4C2D928D1AA0B00553766 /* Project object */;
			proxyType = 1;
			remoteGlobalIDString = D3D4C2E028D1AA0B00553766;
			remoteInfo = Flixter;
		};
		D3D4C30228D1AA0C00553766 /* PBXContainerItemProxy */ = {
			isa = PBXContainerItemProxy;
			containerPortal = D3D4C2D928D1AA0B00553766 /* Project object */;
			proxyType = 1;
			remoteGlobalIDString = D3D4C2E028D1AA0B00553766;
			remoteInfo = Flixter;
		};
/* End PBXContainerItemProxy section */

/* Begin PBXFileReference section */
		D349BEED28D9B2BE00643165 /* MovieDetailsViewController.swift */ = {isa = PBXFileReference; lastKnownFileType = sourcecode.swift; path = MovieDetailsViewController.swift; sourceTree = "<group>"; };
		D349BEF328D9B55400643165 /* MovieGridViewController.swift */ = {isa = PBXFileReference; lastKnownFileType = sourcecode.swift; path = MovieGridViewController.swift; sourceTree = "<group>"; };
		D349BEF528D9B5AA00643165 /* MovieGridCell.swift */ = {isa = PBXFileReference; lastKnownFileType = sourcecode.swift; path = MovieGridCell.swift; sourceTree = "<group>"; };
		D39C373F28D9BDE600C543BC /* ViewController.swift */ = {isa = PBXFileReference; lastKnownFileType = sourcecode.swift; path = ViewController.swift; sourceTree = "<group>"; };
		D3D4C2E128D1AA0B00553766 /* Flixter.app */ = {isa = PBXFileReference; explicitFileType = wrapper.application; includeInIndex = 0; path = Flixter.app; sourceTree = BUILT_PRODUCTS_DIR; };
		D3D4C2E428D1AA0B00553766 /* AppDelegate.swift */ = {isa = PBXFileReference; lastKnownFileType = sourcecode.swift; path = AppDelegate.swift; sourceTree = "<group>"; };
		D3D4C2E628D1AA0B00553766 /* SceneDelegate.swift */ = {isa = PBXFileReference; lastKnownFileType = sourcecode.swift; path = SceneDelegate.swift; sourceTree = "<group>"; };
		D3D4C2EB28D1AA0B00553766 /* Base */ = {isa = PBXFileReference; lastKnownFileType = file.storyboard; name = Base; path = Base.lproj/Main.storyboard; sourceTree = "<group>"; };
		D3D4C2ED28D1AA0C00553766 /* Assets.xcassets */ = {isa = PBXFileReference; lastKnownFileType = folder.assetcatalog; path = Assets.xcassets; sourceTree = "<group>"; };
		D3D4C2F028D1AA0C00553766 /* Base */ = {isa = PBXFileReference; lastKnownFileType = file.storyboard; name = Base; path = Base.lproj/LaunchScreen.storyboard; sourceTree = "<group>"; };
		D3D4C2F228D1AA0C00553766 /* Info.plist */ = {isa = PBXFileReference; lastKnownFileType = text.plist.xml; path = Info.plist; sourceTree = "<group>"; };
		D3D4C2F728D1AA0C00553766 /* FlixterTests.xctest */ = {isa = PBXFileReference; explicitFileType = wrapper.cfbundle; includeInIndex = 0; path = FlixterTests.xctest; sourceTree = BUILT_PRODUCTS_DIR; };
		D3D4C2FB28D1AA0C00553766 /* FlixterTests.swift */ = {isa = PBXFileReference; lastKnownFileType = sourcecode.swift; path = FlixterTests.swift; sourceTree = "<group>"; };
		D3D4C30128D1AA0C00553766 /* FlixterUITests.xctest */ = {isa = PBXFileReference; explicitFileType = wrapper.cfbundle; includeInIndex = 0; path = FlixterUITests.xctest; sourceTree = BUILT_PRODUCTS_DIR; };
		D3D4C30528D1AA0C00553766 /* FlixterUITests.swift */ = {isa = PBXFileReference; lastKnownFileType = sourcecode.swift; path = FlixterUITests.swift; sourceTree = "<group>"; };
		D3D4C30728D1AA0C00553766 /* FlixterUITestsLaunchTests.swift */ = {isa = PBXFileReference; lastKnownFileType = sourcecode.swift; path = FlixterUITestsLaunchTests.swift; sourceTree = "<group>"; };
		D3D4C31628D2819F00553766 /* MovieCell.swift */ = {isa = PBXFileReference; lastKnownFileType = sourcecode.swift; path = MovieCell.swift; sourceTree = "<group>"; };
/* End PBXFileReference section */

/* Begin PBXFrameworksBuildPhase section */
		D3D4C2DE28D1AA0B00553766 /* Frameworks */ = {
			isa = PBXFrameworksBuildPhase;
			buildActionMask = 2147483647;
			files = (
				D3D4C31A28D287EC00553766 /* AlamofireImage in Frameworks */,
			);
			runOnlyForDeploymentPostprocessing = 0;
		};
		D3D4C2F428D1AA0C00553766 /* Frameworks */ = {
			isa = PBXFrameworksBuildPhase;
			buildActionMask = 2147483647;
			files = (
			);
			runOnlyForDeploymentPostprocessing = 0;
		};
		D3D4C2FE28D1AA0C00553766 /* Frameworks */ = {
			isa = PBXFrameworksBuildPhase;
			buildActionMask = 2147483647;
			files = (
			);
			runOnlyForDeploymentPostprocessing = 0;
		};
/* End PBXFrameworksBuildPhase section */

/* Begin PBXGroup section */
		D3D4C2D828D1AA0B00553766 = {
			isa = PBXGroup;
			children = (
				D3D4C2E328D1AA0B00553766 /* Flixter */,
				D3D4C2FA28D1AA0C00553766 /* FlixterTests */,
				D3D4C30428D1AA0C00553766 /* FlixterUITests */,
				D3D4C2E228D1AA0B00553766 /* Products */,
			);
			sourceTree = "<group>";
		};
		D3D4C2E228D1AA0B00553766 /* Products */ = {
			isa = PBXGroup;
			children = (
				D3D4C2E128D1AA0B00553766 /* Flixter.app */,
				D3D4C2F728D1AA0C00553766 /* FlixterTests.xctest */,
				D3D4C30128D1AA0C00553766 /* FlixterUITests.xctest */,
			);
			name = Products;
			sourceTree = "<group>";
		};
		D3D4C2E328D1AA0B00553766 /* Flixter */ = {
			isa = PBXGroup;
			children = (
				D349BEF528D9B5AA00643165 /* MovieGridCell.swift */,
				D349BEF328D9B55400643165 /* MovieGridViewController.swift */,
				D39C373F28D9BDE600C543BC /* ViewController.swift */,
				D3D4C2E428D1AA0B00553766 /* AppDelegate.swift */,
				D3D4C2E628D1AA0B00553766 /* SceneDelegate.swift */,
				D3D4C31628D2819F00553766 /* MovieCell.swift */,
				D349BEED28D9B2BE00643165 /* MovieDetailsViewController.swift */,
				D3D4C2EA28D1AA0B00553766 /* Main.storyboard */,
				D3D4C2ED28D1AA0C00553766 /* Assets.xcassets */,
				D3D4C2EF28D1AA0C00553766 /* LaunchScreen.storyboard */,
				D3D4C2F228D1AA0C00553766 /* Info.plist */,
			);
			path = Flixter;
			sourceTree = "<group>";
		};
		D3D4C2FA28D1AA0C00553766 /* FlixterTests */ = {
			isa = PBXGroup;
			children = (
				D3D4C2FB28D1AA0C00553766 /* FlixterTests.swift */,
			);
			path = FlixterTests;
			sourceTree = "<group>";
		};
		D3D4C30428D1AA0C00553766 /* FlixterUITests */ = {
			isa = PBXGroup;
			children = (
				D3D4C30528D1AA0C00553766 /* FlixterUITests.swift */,
				D3D4C30728D1AA0C00553766 /* FlixterUITestsLaunchTests.swift */,
			);
			path = FlixterUITests;
			sourceTree = "<group>";
		};
/* End PBXGroup section */

/* Begin PBXNativeTarget section */
		D3D4C2E028D1AA0B00553766 /* Flixter */ = {
			isa = PBXNativeTarget;
			buildConfigurationList = D3D4C30B28D1AA0C00553766 /* Build configuration list for PBXNativeTarget "Flixter" */;
			buildPhases = (
				D3D4C2DD28D1AA0B00553766 /* Sources */,
				D3D4C2DE28D1AA0B00553766 /* Frameworks */,
				D3D4C2DF28D1AA0B00553766 /* Resources */,
			);
			buildRules = (
			);
			dependencies = (
			);
			name = Flixter;
			packageProductDependencies = (
				D3D4C31928D287EC00553766 /* AlamofireImage */,
			);
			productName = Flixter;
			productReference = D3D4C2E128D1AA0B00553766 /* Flixter.app */;
			productType = "com.apple.product-type.application";
		};
		D3D4C2F628D1AA0C00553766 /* FlixterTests */ = {
			isa = PBXNativeTarget;
			buildConfigurationList = D3D4C30E28D1AA0C00553766 /* Build configuration list for PBXNativeTarget "FlixterTests" */;
			buildPhases = (
				D3D4C2F328D1AA0C00553766 /* Sources */,
				D3D4C2F428D1AA0C00553766 /* Frameworks */,
				D3D4C2F528D1AA0C00553766 /* Resources */,
			);
			buildRules = (
			);
			dependencies = (
				D3D4C2F928D1AA0C00553766 /* PBXTargetDependency */,
			);
			name = FlixterTests;
			productName = FlixterTests;
			productReference = D3D4C2F728D1AA0C00553766 /* FlixterTests.xctest */;
			productType = "com.apple.product-type.bundle.unit-test";
		};
		D3D4C30028D1AA0C00553766 /* FlixterUITests */ = {
			isa = PBXNativeTarget;
			buildConfigurationList = D3D4C31128D1AA0C00553766 /* Build configuration list for PBXNativeTarget "FlixterUITests" */;
			buildPhases = (
				D3D4C2FD28D1AA0C00553766 /* Sources */,
				D3D4C2FE28D1AA0C00553766 /* Frameworks */,
				D3D4C2FF28D1AA0C00553766 /* Resources */,
			);
			buildRules = (
			);
			dependencies = (
				D3D4C30328D1AA0C00553766 /* PBXTargetDependency */,
			);
			name = FlixterUITests;
			productName = FlixterUITests;
			productReference = D3D4C30128D1AA0C00553766 /* FlixterUITests.xctest */;
			productType = "com.apple.product-type.bundle.ui-testing";
		};
/* End PBXNativeTarget section */

/* Begin PBXProject section */
		D3D4C2D928D1AA0B00553766 /* Project object */ = {
			isa = PBXProject;
			attributes = {
				BuildIndependentTargetsInParallel = 1;
				LastSwiftUpdateCheck = 1340;
				LastUpgradeCheck = 1340;
				TargetAttributes = {
					D3D4C2E028D1AA0B00553766 = {
						CreatedOnToolsVersion = 13.4.1;
					};
					D3D4C2F628D1AA0C00553766 = {
						CreatedOnToolsVersion = 13.4.1;
						TestTargetID = D3D4C2E028D1AA0B00553766;
					};
					D3D4C30028D1AA0C00553766 = {
						CreatedOnToolsVersion = 13.4.1;
						TestTargetID = D3D4C2E028D1AA0B00553766;
					};
				};
			};
			buildConfigurationList = D3D4C2DC28D1AA0B00553766 /* Build configuration list for PBXProject "Flixter" */;
			compatibilityVersion = "Xcode 13.0";
			developmentRegion = en;
			hasScannedForEncodings = 0;
			knownRegions = (
				en,
				Base,
			);
			mainGroup = D3D4C2D828D1AA0B00553766;
			packageReferences = (
				D3D4C31828D287EC00553766 /* XCRemoteSwiftPackageReference "AlamofireImage" */,
			);
			productRefGroup = D3D4C2E228D1AA0B00553766 /* Products */;
			projectDirPath = "";
			projectRoot = "";
			targets = (
				D3D4C2E028D1AA0B00553766 /* Flixter */,
				D3D4C2F628D1AA0C00553766 /* FlixterTests */,
				D3D4C30028D1AA0C00553766 /* FlixterUITests */,
			);
		};
/* End PBXProject section */

/* Begin PBXResourcesBuildPhase section */
		D3D4C2DF28D1AA0B00553766 /* Resources */ = {
			isa = PBXResourcesBuildPhase;
			buildActionMask = 2147483647;
			files = (
				D3D4C2F128D1AA0C00553766 /* LaunchScreen.storyboard in Resources */,
				D3D4C2EE28D1AA0C00553766 /* Assets.xcassets in Resources */,
				D3D4C2EC28D1AA0B00553766 /* Main.storyboard in Resources */,
			);
			runOnlyForDeploymentPostprocessing = 0;
		};
		D3D4C2F528D1AA0C00553766 /* Resources */ = {
			isa = PBXResourcesBuildPhase;
			buildActionMask = 2147483647;
			files = (
			);
			runOnlyForDeploymentPostprocessing = 0;
		};
		D3D4C2FF28D1AA0C00553766 /* Resources */ = {
			isa = PBXResourcesBuildPhase;
			buildActionMask = 2147483647;
			files = (
			);
			runOnlyForDeploymentPostprocessing = 0;
		};
/* End PBXResourcesBuildPhase section */

/* Begin PBXSourcesBuildPhase section */
		D3D4C2DD28D1AA0B00553766 /* Sources */ = {
			isa = PBXSourcesBuildPhase;
			buildActionMask = 2147483647;
			files = (
				D349BEEE28D9B2BE00643165 /* MovieDetailsViewController.swift in Sources */,
				D3D4C2E528D1AA0B00553766 /* AppDelegate.swift in Sources */,
				D349BEF428D9B55400643165 /* MovieGridViewController.swift in Sources */,
				D3D4C31728D2819F00553766 /* MovieCell.swift in Sources */,
				D3D4C2E728D1AA0B00553766 /* SceneDelegate.swift in Sources */,
				D39C374028D9BDE600C543BC /* ViewController.swift in Sources */,
				D349BEF628D9B5AA00643165 /* MovieGridCell.swift in Sources */,
			);
			runOnlyForDeploymentPostprocessing = 0;
		};
		D3D4C2F328D1AA0C00553766 /* Sources */ = {
			isa = PBXSourcesBuildPhase;
			buildActionMask = 2147483647;
			files = (
				D3D4C2FC28D1AA0C00553766 /* FlixterTests.swift in Sources */,
			);
			runOnlyForDeploymentPostprocessing = 0;
		};
		D3D4C2FD28D1AA0C00553766 /* Sources */ = {
			isa = PBXSourcesBuildPhase;
			buildActionMask = 2147483647;
			files = (
				D3D4C30628D1AA0C00553766 /* FlixterUITests.swift in Sources */,
				D3D4C30828D1AA0C00553766 /* FlixterUITestsLaunchTests.swift in Sources */,
			);
			runOnlyForDeploymentPostprocessing = 0;
		};
/* End PBXSourcesBuildPhase section */

/* Begin PBXTargetDependency section */
		D3D4C2F928D1AA0C00553766 /* PBXTargetDependency */ = {
			isa = PBXTargetDependency;
			target = D3D4C2E028D1AA0B00553766 /* Flixter */;
			targetProxy = D3D4C2F828D1AA0C00553766 /* PBXContainerItemProxy */;
		};
		D3D4C30328D1AA0C00553766 /* PBXTargetDependency */ = {
			isa = PBXTargetDependency;
			target = D3D4C2E028D1AA0B00553766 /* Flixter */;
			targetProxy = D3D4C30228D1AA0C00553766 /* PBXContainerItemProxy */;
		};
/* End PBXTargetDependency section */

/* Begin PBXVariantGroup section */
		D3D4C2EA28D1AA0B00553766 /* Main.storyboard */ = {
			isa = PBXVariantGroup;
			children = (
				D3D4C2EB28D1AA0B00553766 /* Base */,
			);
			name = Main.storyboard;
			sourceTree = "<group>";
		};
		D3D4C2EF28D1AA0C00553766 /* LaunchScreen.storyboard */ = {
			isa = PBXVariantGroup;
			children = (
				D3D4C2F028D1AA0C00553766 /* Base */,
			);
			name = LaunchScreen.storyboard;
			sourceTree = "<group>";
		};
/* End PBXVariantGroup section */

/* Begin XCBuildConfiguration section */
		D3D4C30928D1AA0C00553766 /* Debug */ = {
			isa = XCBuildConfiguration;
			buildSettings = {
				ALWAYS_SEARCH_USER_PATHS = NO;
				CLANG_ANALYZER_NONNULL = YES;
				CLANG_ANALYZER_NUMBER_OBJECT_CONVERSION = YES_AGGRESSIVE;
				CLANG_CXX_LANGUAGE_STANDARD = "gnu++17";
				CLANG_ENABLE_MODULES = YES;
				CLANG_ENABLE_OBJC_ARC = YES;
				CLANG_ENABLE_OBJC_WEAK = YES;
				CLANG_WARN_BLOCK_CAPTURE_AUTORELEASING = YES;
				CLANG_WARN_BOOL_CONVERSION = YES;
				CLANG_WARN_COMMA = YES;
				CLANG_WARN_CONSTANT_CONVERSION = YES;
				CLANG_WARN_DEPRECATED_OBJC_IMPLEMENTATIONS = YES;
				CLANG_WARN_DIRECT_OBJC_ISA_USAGE = YES_ERROR;
				CLANG_WARN_DOCUMENTATION_COMMENTS = YES;
				CLANG_WARN_EMPTY_BODY = YES;
				CLANG_WARN_ENUM_CONVERSION = YES;
				CLANG_WARN_INFINITE_RECURSION = YES;
				CLANG_WARN_INT_CONVERSION = YES;
				CLANG_WARN_NON_LITERAL_NULL_CONVERSION = YES;
				CLANG_WARN_OBJC_IMPLICIT_RETAIN_SELF = YES;
				CLANG_WARN_OBJC_LITERAL_CONVERSION = YES;
				CLANG_WARN_OBJC_ROOT_CLASS = YES_ERROR;
				CLANG_WARN_QUOTED_INCLUDE_IN_FRAMEWORK_HEADER = YES;
				CLANG_WARN_RANGE_LOOP_ANALYSIS = YES;
				CLANG_WARN_STRICT_PROTOTYPES = YES;
				CLANG_WARN_SUSPICIOUS_MOVE = YES;
				CLANG_WARN_UNGUARDED_AVAILABILITY = YES_AGGRESSIVE;
				CLANG_WARN_UNREACHABLE_CODE = YES;
				CLANG_WARN__DUPLICATE_METHOD_MATCH = YES;
				COPY_PHASE_STRIP = NO;
				DEBUG_INFORMATION_FORMAT = dwarf;
				ENABLE_STRICT_OBJC_MSGSEND = YES;
				ENABLE_TESTABILITY = YES;
				GCC_C_LANGUAGE_STANDARD = gnu11;
				GCC_DYNAMIC_NO_PIC = NO;
				GCC_NO_COMMON_BLOCKS = YES;
				GCC_OPTIMIZATION_LEVEL = 0;
				GCC_PREPROCESSOR_DEFINITIONS = (
					"DEBUG=1",
					"$(inherited)",
				);
				GCC_WARN_64_TO_32_BIT_CONVERSION = YES;
				GCC_WARN_ABOUT_RETURN_TYPE = YES_ERROR;
				GCC_WARN_UNDECLARED_SELECTOR = YES;
				GCC_WARN_UNINITIALIZED_AUTOS = YES_AGGRESSIVE;
				GCC_WARN_UNUSED_FUNCTION = YES;
				GCC_WARN_UNUSED_VARIABLE = YES;
				IPHONEOS_DEPLOYMENT_TARGET = 15.5;
				MTL_ENABLE_DEBUG_INFO = INCLUDE_SOURCE;
				MTL_FAST_MATH = YES;
				ONLY_ACTIVE_ARCH = YES;
				SDKROOT = iphoneos;
				SWIFT_ACTIVE_COMPILATION_CONDITIONS = DEBUG;
				SWIFT_OPTIMIZATION_LEVEL = "-Onone";
			};
			name = Debug;
		};
		D3D4C30A28D1AA0C00553766 /* Release */ = {
			isa = XCBuildConfiguration;
			buildSettings = {
				ALWAYS_SEARCH_USER_PATHS = NO;
				CLANG_ANALYZER_NONNULL = YES;
				CLANG_ANALYZER_NUMBER_OBJECT_CONVERSION = YES_AGGRESSIVE;
				CLANG_CXX_LANGUAGE_STANDARD = "gnu++17";
				CLANG_ENABLE_MODULES = YES;
				CLANG_ENABLE_OBJC_ARC = YES;
				CLANG_ENABLE_OBJC_WEAK = YES;
				CLANG_WARN_BLOCK_CAPTURE_AUTORELEASING = YES;
				CLANG_WARN_BOOL_CONVERSION = YES;
				CLANG_WARN_COMMA = YES;
				CLANG_WARN_CONSTANT_CONVERSION = YES;
				CLANG_WARN_DEPRECATED_OBJC_IMPLEMENTATIONS = YES;
				CLANG_WARN_DIRECT_OBJC_ISA_USAGE = YES_ERROR;
				CLANG_WARN_DOCUMENTATION_COMMENTS = YES;
				CLANG_WARN_EMPTY_BODY = YES;
				CLANG_WARN_ENUM_CONVERSION = YES;
				CLANG_WARN_INFINITE_RECURSION = YES;
				CLANG_WARN_INT_CONVERSION = YES;
				CLANG_WARN_NON_LITERAL_NULL_CONVERSION = YES;
				CLANG_WARN_OBJC_IMPLICIT_RETAIN_SELF = YES;
				CLANG_WARN_OBJC_LITERAL_CONVERSION = YES;
				CLANG_WARN_OBJC_ROOT_CLASS = YES_ERROR;
				CLANG_WARN_QUOTED_INCLUDE_IN_FRAMEWORK_HEADER = YES;
				CLANG_WARN_RANGE_LOOP_ANALYSIS = YES;
				CLANG_WARN_STRICT_PROTOTYPES = YES;
				CLANG_WARN_SUSPICIOUS_MOVE = YES;
				CLANG_WARN_UNGUARDED_AVAILABILITY = YES_AGGRESSIVE;
				CLANG_WARN_UNREACHABLE_CODE = YES;
				CLANG_WARN__DUPLICATE_METHOD_MATCH = YES;
				COPY_PHASE_STRIP = NO;
				DEBUG_INFORMATION_FORMAT = "dwarf-with-dsym";
				ENABLE_NS_ASSERTIONS = NO;
				ENABLE_STRICT_OBJC_MSGSEND = YES;
				GCC_C_LANGUAGE_STANDARD = gnu11;
				GCC_NO_COMMON_BLOCKS = YES;
				GCC_WARN_64_TO_32_BIT_CONVERSION = YES;
				GCC_WARN_ABOUT_RETURN_TYPE = YES_ERROR;
				GCC_WARN_UNDECLARED_SELECTOR = YES;
				GCC_WARN_UNINITIALIZED_AUTOS = YES_AGGRESSIVE;
				GCC_WARN_UNUSED_FUNCTION = YES;
				GCC_WARN_UNUSED_VARIABLE = YES;
				IPHONEOS_DEPLOYMENT_TARGET = 15.5;
				MTL_ENABLE_DEBUG_INFO = NO;
				MTL_FAST_MATH = YES;
				SDKROOT = iphoneos;
				SWIFT_COMPILATION_MODE = wholemodule;
				SWIFT_OPTIMIZATION_LEVEL = "-O";
				VALIDATE_PRODUCT = YES;
			};
			name = Release;
		};
		D3D4C30C28D1AA0C00553766 /* Debug */ = {
			isa = XCBuildConfiguration;
			buildSettings = {
				ASSETCATALOG_COMPILER_APPICON_NAME = AppIcon;
				ASSETCATALOG_COMPILER_GLOBAL_ACCENT_COLOR_NAME = AccentColor;
				CODE_SIGN_STYLE = Automatic;
				CURRENT_PROJECT_VERSION = 1;
				DEVELOPMENT_TEAM = 75DP4P97VZ;
				GENERATE_INFOPLIST_FILE = YES;
				INFOPLIST_FILE = Flixter/Info.plist;
				INFOPLIST_KEY_UIApplicationSupportsIndirectInputEvents = YES;
				INFOPLIST_KEY_UILaunchStoryboardName = LaunchScreen;
				INFOPLIST_KEY_UIMainStoryboardFile = Main;
				INFOPLIST_KEY_UISupportedInterfaceOrientations_iPad = "UIInterfaceOrientationPortrait UIInterfaceOrientationPortraitUpsideDown UIInterfaceOrientationLandscapeLeft UIInterfaceOrientationLandscapeRight";
				INFOPLIST_KEY_UISupportedInterfaceOrientations_iPhone = "UIInterfaceOrientationPortrait UIInterfaceOrientationLandscapeLeft UIInterfaceOrientationLandscapeRight";
				LD_RUNPATH_SEARCH_PATHS = (
					"$(inherited)",
					"@executable_path/Frameworks",
				);
				MARKETING_VERSION = 1.0;
				PRODUCT_BUNDLE_IDENTIFIER = com.Laura.Flixter;
				PRODUCT_NAME = "$(TARGET_NAME)";
				SWIFT_EMIT_LOC_STRINGS = YES;
				SWIFT_VERSION = 5.0;
				TARGETED_DEVICE_FAMILY = "1,2";
			};
			name = Debug;
		};
		D3D4C30D28D1AA0C00553766 /* Release */ = {
			isa = XCBuildConfiguration;
			buildSettings = {
				ASSETCATALOG_COMPILER_APPICON_NAME = AppIcon;
				ASSETCATALOG_COMPILER_GLOBAL_ACCENT_COLOR_NAME = AccentColor;
				CODE_SIGN_STYLE = Automatic;
				CURRENT_PROJECT_VERSION = 1;
				DEVELOPMENT_TEAM = 75DP4P97VZ;
				GENERATE_INFOPLIST_FILE = YES;
				INFOPLIST_FILE = Flixter/Info.plist;
				INFOPLIST_KEY_UIApplicationSupportsIndirectInputEvents = YES;
				INFOPLIST_KEY_UILaunchStoryboardName = LaunchScreen;
				INFOPLIST_KEY_UIMainStoryboardFile = Main;
				INFOPLIST_KEY_UISupportedInterfaceOrientations_iPad = "UIInterfaceOrientationPortrait UIInterfaceOrientationPortraitUpsideDown UIInterfaceOrientationLandscapeLeft UIInterfaceOrientationLandscapeRight";
				INFOPLIST_KEY_UISupportedInterfaceOrientations_iPhone = "UIInterfaceOrientationPortrait UIInterfaceOrientationLandscapeLeft UIInterfaceOrientationLandscapeRight";
				LD_RUNPATH_SEARCH_PATHS = (
					"$(inherited)",
					"@executable_path/Frameworks",
				);
				MARKETING_VERSION = 1.0;
				PRODUCT_BUNDLE_IDENTIFIER = com.Laura.Flixter;
				PRODUCT_NAME = "$(TARGET_NAME)";
				SWIFT_EMIT_LOC_STRINGS = YES;
				SWIFT_VERSION = 5.0;
				TARGETED_DEVICE_FAMILY = "1,2";
			};
			name = Release;
		};
		D3D4C30F28D1AA0C00553766 /* Debug */ = {
			isa = XCBuildConfiguration;
			buildSettings = {
				ALWAYS_EMBED_SWIFT_STANDARD_LIBRARIES = YES;
				BUNDLE_LOADER = "$(TEST_HOST)";
				CODE_SIGN_STYLE = Automatic;
				CURRENT_PROJECT_VERSION = 1;
				DEVELOPMENT_TEAM = 75DP4P97VZ;
				GENERATE_INFOPLIST_FILE = YES;
				IPHONEOS_DEPLOYMENT_TARGET = 15.5;
				MARKETING_VERSION = 1.0;
				PRODUCT_BUNDLE_IDENTIFIER = com.Laura.FlixterTests;
				PRODUCT_NAME = "$(TARGET_NAME)";
				SWIFT_EMIT_LOC_STRINGS = NO;
				SWIFT_VERSION = 5.0;
				TARGETED_DEVICE_FAMILY = "1,2";
				TEST_HOST = "$(BUILT_PRODUCTS_DIR)/Flixter.app/Flixter";
			};
			name = Debug;
		};
		D3D4C31028D1AA0C00553766 /* Release */ = {
			isa = XCBuildConfiguration;
			buildSettings = {
				ALWAYS_EMBED_SWIFT_STANDARD_LIBRARIES = YES;
				BUNDLE_LOADER = "$(TEST_HOST)";
				CODE_SIGN_STYLE = Automatic;
				CURRENT_PROJECT_VERSION = 1;
				DEVELOPMENT_TEAM = 75DP4P97VZ;
				GENERATE_INFOPLIST_FILE = YES;
				IPHONEOS_DEPLOYMENT_TARGET = 15.5;
				MARKETING_VERSION = 1.0;
				PRODUCT_BUNDLE_IDENTIFIER = com.Laura.FlixterTests;
				PRODUCT_NAME = "$(TARGET_NAME)";
				SWIFT_EMIT_LOC_STRINGS = NO;
				SWIFT_VERSION = 5.0;
				TARGETED_DEVICE_FAMILY = "1,2";
				TEST_HOST = "$(BUILT_PRODUCTS_DIR)/Flixter.app/Flixter";
			};
			name = Release;
		};
		D3D4C31228D1AA0C00553766 /* Debug */ = {
			isa = XCBuildConfiguration;
			buildSettings = {
				ALWAYS_EMBED_SWIFT_STANDARD_LIBRARIES = YES;
				CODE_SIGN_STYLE = Automatic;
				CURRENT_PROJECT_VERSION = 1;
				DEVELOPMENT_TEAM = 75DP4P97VZ;
				GENERATE_INFOPLIST_FILE = YES;
				MARKETING_VERSION = 1.0;
				PRODUCT_BUNDLE_IDENTIFIER = com.Laura.FlixterUITests;
				PRODUCT_NAME = "$(TARGET_NAME)";
				SWIFT_EMIT_LOC_STRINGS = NO;
				SWIFT_VERSION = 5.0;
				TARGETED_DEVICE_FAMILY = "1,2";
				TEST_TARGET_NAME = Flixter;
			};
			name = Debug;
		};
		D3D4C31328D1AA0C00553766 /* Release */ = {
			isa = XCBuildConfiguration;
			buildSettings = {
				ALWAYS_EMBED_SWIFT_STANDARD_LIBRARIES = YES;
				CODE_SIGN_STYLE = Automatic;
				CURRENT_PROJECT_VERSION = 1;
				DEVELOPMENT_TEAM = 75DP4P97VZ;
				GENERATE_INFOPLIST_FILE = YES;
				MARKETING_VERSION = 1.0;
				PRODUCT_BUNDLE_IDENTIFIER = com.Laura.FlixterUITests;
				PRODUCT_NAME = "$(TARGET_NAME)";
				SWIFT_EMIT_LOC_STRINGS = NO;
				SWIFT_VERSION = 5.0;
				TARGETED_DEVICE_FAMILY = "1,2";
				TEST_TARGET_NAME = Flixter;
			};
			name = Release;
		};
/* End XCBuildConfiguration section */

/* Begin XCConfigurationList section */
		D3D4C2DC28D1AA0B00553766 /* Build configuration list for PBXProject "Flixter" */ = {
			isa = XCConfigurationList;
			buildConfigurations = (
				D3D4C30928D1AA0C00553766 /* Debug */,
				D3D4C30A28D1AA0C00553766 /* Release */,
			);
			defaultConfigurationIsVisible = 0;
			defaultConfigurationName = Release;
		};
		D3D4C30B28D1AA0C00553766 /* Build configuration list for PBXNativeTarget "Flixter" */ = {
			isa = XCConfigurationList;
			buildConfigurations = (
				D3D4C30C28D1AA0C00553766 /* Debug */,
				D3D4C30D28D1AA0C00553766 /* Release */,
			);
			defaultConfigurationIsVisible = 0;
			defaultConfigurationName = Release;
		};
		D3D4C30E28D1AA0C00553766 /* Build configuration list for PBXNativeTarget "FlixterTests" */ = {
			isa = XCConfigurationList;
			buildConfigurations = (
				D3D4C30F28D1AA0C00553766 /* Debug */,
				D3D4C31028D1AA0C00553766 /* Release */,
			);
			defaultConfigurationIsVisible = 0;
			defaultConfigurationName = Release;
		};
		D3D4C31128D1AA0C00553766 /* Build configuration list for PBXNativeTarget "FlixterUITests" */ = {
			isa = XCConfigurationList;
			buildConfigurations = (
				D3D4C31228D1AA0C00553766 /* Debug */,
				D3D4C31328D1AA0C00553766 /* Release */,
			);
			defaultConfigurationIsVisible = 0;
			defaultConfigurationName = Release;
		};
/* End XCConfigurationList section */

/* Begin XCRemoteSwiftPackageReference section */
		D3D4C31828D287EC00553766 /* XCRemoteSwiftPackageReference "AlamofireImage" */ = {
			isa = XCRemoteSwiftPackageReference;
			repositoryURL = "https://github.com/Alamofire/AlamofireImage";
			requirement = {
				kind = upToNextMajorVersion;
				minimumVersion = 4.0.0;
			};
		};
/* End XCRemoteSwiftPackageReference section */

/* Begin XCSwiftPackageProductDependency section */
		D3D4C31928D287EC00553766 /* AlamofireImage */ = {
			isa = XCSwiftPackageProductDependency;
			package = D3D4C31828D287EC00553766 /* XCRemoteSwiftPackageReference "AlamofireImage" */;
			productName = AlamofireImage;
		};
/* End XCSwiftPackageProductDependency section */
	};
	rootObject = D3D4C2D928D1AA0B00553766 /* Project object */;
}
